Microsoft Visual Studio Solution File, Format Version 11.00
# Visual Studio 2008

Project("{F3088B9A-9256-78EB-E57B-96AD4D639C9C}") = "Hungry Cat", "Assembly-CSharp.csproj", "{F019D83A-2EB9-5071-AF0D-0DB12F25BDB9}"
EndProject
Global
	GlobalSection(SolutionConfigurationPlatforms) = preSolution
		Debug|Any CPU = Debug|Any CPU
		Release|Any CPU = Release|Any CPU
	EndGlobalSection
	GlobalSection(ProjectConfigurationPlatforms) = postSolution
		{F019D83A-2EB9-5071-AF0D-0DB12F25BDB9}.Debug|Any CPU.ActiveCfg = Debug|Any CPU
		{F019D83A-2EB9-5071-AF0D-0DB12F25BDB9}.Debug|Any CPU.Build.0 = Debug|Any CPU
		{F019D83A-2EB9-5071-AF0D-0DB12F25BDB9}.Release|Any CPU.ActiveCfg = Release|Any CPU
		{F019D83A-2EB9-5071-AF0D-0DB12F25BDB9}.Release|Any CPU.Build.0 = Release|Any CPU
	EndGlobalSection
	GlobalSection(SolutionProperties) = preSolution
		HideSolutionNode = FALSE
	EndGlobalSection
	GlobalSection(MonoDevelopProperties) = preSolution
		StartupItem = Assembly-CSharp.csproj
	EndGlobalSection
EndGlobal
