Microsoft Visual Studio Solution File, Format Version 11.00
# Visual Studio 2008

Project("{4F04AA42-0945-37D3-E893-3BADE1076D87}") = "Lost Cat", "Assembly-CSharp.csproj", "{2285BC12-7A2D-2C34-4283-794F733E581F}"
EndProject
Global
	GlobalSection(SolutionConfigurationPlatforms) = preSolution
		Debug|Any CPU = Debug|Any CPU
		Release|Any CPU = Release|Any CPU
	EndGlobalSection
	GlobalSection(ProjectConfigurationPlatforms) = postSolution
		{2285BC12-7A2D-2C34-4283-794F733E581F}.Debug|Any CPU.ActiveCfg = Debug|Any CPU
		{2285BC12-7A2D-2C34-4283-794F733E581F}.Debug|Any CPU.Build.0 = Debug|Any CPU
		{2285BC12-7A2D-2C34-4283-794F733E581F}.Release|Any CPU.ActiveCfg = Release|Any CPU
		{2285BC12-7A2D-2C34-4283-794F733E581F}.Release|Any CPU.Build.0 = Release|Any CPU
	EndGlobalSection
	GlobalSection(SolutionProperties) = preSolution
		HideSolutionNode = FALSE
	EndGlobalSection
	GlobalSection(MonoDevelopProperties) = preSolution
		StartupItem = Assembly-CSharp.csproj
	EndGlobalSection
EndGlobal
